// !$*UTF8*$!
{
	archiveVersion = 1;
	classes = {
	};
	objectVersion = 46;
	objects = {

/* Begin PBXBuildFile section */
		63B0AB3B213D3E0800C09950 /* UIImageView+BHBSetImage.m in Sources */ = {isa = PBXBuildFile; fileRef = 63B0AB22213D3E0800C09950 /* UIImageView+BHBSetImage.m */; };
		63B0AB3C213D3E0800C09950 /* UIImage+BHBEffects.m in Sources */ = {isa = PBXBuildFile; fileRef = 63B0AB27213D3E0800C09950 /* UIImage+BHBEffects.m */; };
		63B0AB3D213D3E0800C09950 /* BHBBottomBar.m in Sources */ = {isa = PBXBuildFile; fileRef = 63B0AB28213D3E0800C09950 /* BHBBottomBar.m */; };
		63B0AB3E213D3E0800C09950 /* BHBPlaySoundTool.m in Sources */ = {isa = PBXBuildFile; fileRef = 63B0AB2C213D3E0800C09950 /* BHBPlaySoundTool.m */; };
		63B0AB3F213D3E0800C09950 /* UIButton+BHBSetImage.m in Sources */ = {isa = PBXBuildFile; fileRef = 63B0AB2E213D3E0800C09950 /* UIButton+BHBSetImage.m */; };
		63B0AB40213D3E0800C09950 /* BHBItem.m in Sources */ = {isa = PBXBuildFile; fileRef = 63B0AB2F213D3E0800C09950 /* BHBItem.m */; };
		63B0AB41213D3E0800C09950 /* BHBPopView.m in Sources */ = {isa = PBXBuildFile; fileRef = 63B0AB30213D3E0800C09950 /* BHBPopView.m */; };
		63B0AB42213D3E0800C09950 /* BHBGroup.m in Sources */ = {isa = PBXBuildFile; fileRef = 63B0AB31213D3E0800C09950 /* BHBGroup.m */; };
		63B0AB43213D3E0800C09950 /* BHBCenterView.m in Sources */ = {isa = PBXBuildFile; fileRef = 63B0AB32213D3E0800C09950 /* BHBCenterView.m */; };
		63B0AB44213D3E0800C09950 /* UIView+BHBAnimation.m in Sources */ = {isa = PBXBuildFile; fileRef = 63B0AB34213D3E0800C09950 /* UIView+BHBAnimation.m */; };
		63B0AB45213D3E0800C09950 /* images.bundle in Resources */ = {isa = PBXBuildFile; fileRef = 63B0AB37213D3E0800C09950 /* images.bundle */; };
		63B0AB46213D3E0800C09950 /* music.bundle in Resources */ = {isa = PBXBuildFile; fileRef = 63B0AB38213D3E0800C09950 /* music.bundle */; };
		63B0AB47213D3E0800C09950 /* BHBCustomBtn.m in Sources */ = {isa = PBXBuildFile; fileRef = 63B0AB3A213D3E0800C09950 /* BHBCustomBtn.m */; };
		63B0AB4A213D3E0D00C09950 /* UIView+Extension.m in Sources */ = {isa = PBXBuildFile; fileRef = 63B0AB48213D3E0C00C09950 /* UIView+Extension.m */; };
		63B0AB50213D3E3300C09950 /* DLTabBarController.m in Sources */ = {isa = PBXBuildFile; fileRef = 63B0AB4C213D3E3300C09950 /* DLTabBarController.m */; };
		63B0AB51213D3E3300C09950 /* DLTabBar.m in Sources */ = {isa = PBXBuildFile; fileRef = 63B0AB4D213D3E3300C09950 /* DLTabBar.m */; };
		63B0AB54213D3F2400C09950 /* ViewController.m in Sources */ = {isa = PBXBuildFile; fileRef = 63B0AB53213D3F2400C09950 /* ViewController.m */; };
		AAB80F7F1EA302D400CD17FD /* DLWallPaperView.m in Sources */ = {isa = PBXBuildFile; fileRef = AAB80F7E1EA302D400CD17FD /* DLWallPaperView.m */; };
		AAB80F811EA303C000CD17FD /* DLWallPaperView.xib in Resources */ = {isa = PBXBuildFile; fileRef = AAB80F801EA303C000CD17FD /* DLWallPaperView.xib */; };
		AAB80F841EA3219400CD17FD /* DLChooseWallPaperController.m in Sources */ = {isa = PBXBuildFile; fileRef = AAB80F831EA3219400CD17FD /* DLChooseWallPaperController.m */; };
		AAC36D0C1E99C9D40058C627 /* main.m in Sources */ = {isa = PBXBuildFile; fileRef = AAC36D0B1E99C9D40058C627 /* main.m */; };
		AAC36D171E99C9D40058C627 /* Assets.xcassets in Resources */ = {isa = PBXBuildFile; fileRef = AAC36D161E99C9D40058C627 /* Assets.xcassets */; };
		AAC36D1A1E99C9D40058C627 /* LaunchScreen.storyboard in Resources */ = {isa = PBXBuildFile; fileRef = AAC36D181E99C9D40058C627 /* LaunchScreen.storyboard */; };
		AAC36D441E99CB070058C627 /* AppDelegate.m in Sources */ = {isa = PBXBuildFile; fileRef = AAC36D411E99CB070058C627 /* AppDelegate.m */; };
		AAC36D451E99CB070058C627 /* ProfileViewController.m in Sources */ = {isa = PBXBuildFile; fileRef = AAC36D431E99CB070058C627 /* ProfileViewController.m */; };
		AAC36D4E1E99CBE90058C627 /* ContentViewCell.m in Sources */ = {isa = PBXBuildFile; fileRef = AAC36D471E99CBE90058C627 /* ContentViewCell.m */; };
		AAC36D4F1E99CBE90058C627 /* DLUserHeaderView.m in Sources */ = {isa = PBXBuildFile; fileRef = AAC36D491E99CBE90058C627 /* DLUserHeaderView.m */; };
		AAC36D501E99CBE90058C627 /* DLUserHeaderView.xib in Resources */ = {isa = PBXBuildFile; fileRef = AAC36D4A1E99CBE90058C627 /* DLUserHeaderView.xib */; };
		AAC36D511E99CBE90058C627 /* DLUserPageNavBar.m in Sources */ = {isa = PBXBuildFile; fileRef = AAC36D4C1E99CBE90058C627 /* DLUserPageNavBar.m */; };
		AAC36D521E99CBE90058C627 /* DLUserPageNavBar.xib in Resources */ = {isa = PBXBuildFile; fileRef = AAC36D4D1E99CBE90058C627 /* DLUserPageNavBar.xib */; };
		AAC36D5F1E99CC0F0058C627 /* BaseTableViewController.m in Sources */ = {isa = PBXBuildFile; fileRef = AAC36D541E99CC0F0058C627 /* BaseTableViewController.m */; };
		AAC36D601E99CC0F0058C627 /* PersonalCenterController.m in Sources */ = {isa = PBXBuildFile; fileRef = AAC36D561E99CC0F0058C627 /* PersonalCenterController.m */; };
		AAC36D611E99CC0F0058C627 /* PersonalCenterTableView.m in Sources */ = {isa = PBXBuildFile; fileRef = AAC36D581E99CC0F0058C627 /* PersonalCenterTableView.m */; };
		AAC36D621E99CC0F0058C627 /* PersonalLeftViewController.m in Sources */ = {isa = PBXBuildFile; fileRef = AAC36D5A1E99CC0F0058C627 /* PersonalLeftViewController.m */; };
		AAC36D631E99CC0F0058C627 /* PersonalMiddleViewController.m in Sources */ = {isa = PBXBuildFile; fileRef = AAC36D5C1E99CC0F0058C627 /* PersonalMiddleViewController.m */; };
		AAC36D641E99CC0F0058C627 /* PersonalRightViewController.m in Sources */ = {isa = PBXBuildFile; fileRef = AAC36D5E1E99CC0F0058C627 /* PersonalRightViewController.m */; };
		AAC36D6B1E99CCCA0058C627 /* HFStretchableTableHeaderView.m in Sources */ = {isa = PBXBuildFile; fileRef = AAC36D6A1E99CCCA0058C627 /* HFStretchableTableHeaderView.m */; };
		D0614140E7D613D2CF111E6D /* libPods-DLWeiboProfileController.a in Frameworks */ = {isa = PBXBuildFile; fileRef = 1418E187A27745EF47E878B5 /* libPods-DLWeiboProfileController.a */; };
/* End PBXBuildFile section */

/* Begin PBXContainerItemProxy section */
		AAC36D211E99C9D40058C627 /* PBXContainerItemProxy */ = {
			isa = PBXContainerItemProxy;
			containerPortal = AAC36CFF1E99C9D40058C627 /* Project object */;
			proxyType = 1;
			remoteGlobalIDString = AAC36D061E99C9D40058C627;
			remoteInfo = DLWeiboProfileController;
		};
		AAC36D2C1E99C9D40058C627 /* PBXContainerItemProxy */ = {
			isa = PBXContainerItemProxy;
			containerPortal = AAC36CFF1E99C9D40058C627 /* Project object */;
			proxyType = 1;
			remoteGlobalIDString = AAC36D061E99C9D40058C627;
			remoteInfo = DLWeiboProfileController;
		};
/* End PBXContainerItemProxy section */

/* Begin PBXFileReference section */
		1418E187A27745EF47E878B5 /* libPods-DLWeiboProfileController.a */ = {isa = PBXFileReference; explicitFileType = archive.ar; includeInIndex = 0; path = "libPods-DLWeiboProfileController.a"; sourceTree = BUILT_PRODUCTS_DIR; };
		63B0AB21213D3E0800C09950 /* UIButton+BHBSetImage.h */ = {isa = PBXFileReference; fileEncoding = 4; lastKnownFileType = sourcecode.c.h; path = "UIButton+BHBSetImage.h"; sourceTree = "<group>"; };
		63B0AB22213D3E0800C09950 /* UIImageView+BHBSetImage.m */ = {isa = PBXFileReference; fileEncoding = 4; lastKnownFileType = sourcecode.c.objc; path = "UIImageView+BHBSetImage.m"; sourceTree = "<group>"; };
		63B0AB23213D3E0800C09950 /* BHBPlaySoundTool.h */ = {isa = PBXFileReference; fileEncoding = 4; lastKnownFileType = sourcecode.c.h; path = BHBPlaySoundTool.h; sourceTree = "<group>"; };
		63B0AB24213D3E0800C09950 /* BHBGroup.h */ = {isa = PBXFileReference; fileEncoding = 4; lastKnownFileType = sourcecode.c.h; path = BHBGroup.h; sourceTree = "<group>"; };
		63B0AB25213D3E0800C09950 /* BHBPopView.h */ = {isa = PBXFileReference; fileEncoding = 4; lastKnownFileType = sourcecode.c.h; path = BHBPopView.h; sourceTree = "<group>"; };
		63B0AB26213D3E0800C09950 /* BHBItem.h */ = {isa = PBXFileReference; fileEncoding = 4; lastKnownFileType = sourcecode.c.h; path = BHBItem.h; sourceTree = "<group>"; };
		63B0AB27213D3E0800C09950 /* UIImage+BHBEffects.m */ = {isa = PBXFileReference; fileEncoding = 4; lastKnownFileType = sourcecode.c.objc; path = "UIImage+BHBEffects.m"; sourceTree = "<group>"; };
		63B0AB28213D3E0800C09950 /* BHBBottomBar.m */ = {isa = PBXFileReference; fileEncoding = 4; lastKnownFileType = sourcecode.c.objc; path = BHBBottomBar.m; sourceTree = "<group>"; };
		63B0AB29213D3E0800C09950 /* UIView+BHBAnimation.h */ = {isa = PBXFileReference; fileEncoding = 4; lastKnownFileType = sourcecode.c.h; path = "UIView+BHBAnimation.h"; sourceTree = "<group>"; };
		63B0AB2A213D3E0800C09950 /* BHBCenterView.h */ = {isa = PBXFileReference; fileEncoding = 4; lastKnownFileType = sourcecode.c.h; path = BHBCenterView.h; sourceTree = "<group>"; };
		63B0AB2B213D3E0800C09950 /* BHBCustomBtn.h */ = {isa = PBXFileReference; fileEncoding = 4; lastKnownFileType = sourcecode.c.h; path = BHBCustomBtn.h; sourceTree = "<group>"; };
		63B0AB2C213D3E0800C09950 /* BHBPlaySoundTool.m */ = {isa = PBXFileReference; fileEncoding = 4; lastKnownFileType = sourcecode.c.objc; path = BHBPlaySoundTool.m; sourceTree = "<group>"; };
		63B0AB2D213D3E0800C09950 /* UIImageView+BHBSetImage.h */ = {isa = PBXFileReference; fileEncoding = 4; lastKnownFileType = sourcecode.c.h; path = "UIImageView+BHBSetImage.h"; sourceTree = "<group>"; };
		63B0AB2E213D3E0800C09950 /* UIButton+BHBSetImage.m */ = {isa = PBXFileReference; fileEncoding = 4; lastKnownFileType = sourcecode.c.objc; path = "UIButton+BHBSetImage.m"; sourceTree = "<group>"; };
		63B0AB2F213D3E0800C09950 /* BHBItem.m */ = {isa = PBXFileReference; fileEncoding = 4; lastKnownFileType = sourcecode.c.objc; path = BHBItem.m; sourceTree = "<group>"; };
		63B0AB30213D3E0800C09950 /* BHBPopView.m */ = {isa = PBXFileReference; fileEncoding = 4; lastKnownFileType = sourcecode.c.objc; path = BHBPopView.m; sourceTree = "<group>"; };
		63B0AB31213D3E0800C09950 /* BHBGroup.m */ = {isa = PBXFileReference; fileEncoding = 4; lastKnownFileType = sourcecode.c.objc; path = BHBGroup.m; sourceTree = "<group>"; };
		63B0AB32213D3E0800C09950 /* BHBCenterView.m */ = {isa = PBXFileReference; fileEncoding = 4; lastKnownFileType = sourcecode.c.objc; path = BHBCenterView.m; sourceTree = "<group>"; };
		63B0AB33213D3E0800C09950 /* BHBBottomBar.h */ = {isa = PBXFileReference; fileEncoding = 4; lastKnownFileType = sourcecode.c.h; path = BHBBottomBar.h; sourceTree = "<group>"; };
		63B0AB34213D3E0800C09950 /* UIView+BHBAnimation.m */ = {isa = PBXFileReference; fileEncoding = 4; lastKnownFileType = sourcecode.c.objc; path = "UIView+BHBAnimation.m"; sourceTree = "<group>"; };
		63B0AB35213D3E0800C09950 /* UIImage+BHBEffects.h */ = {isa = PBXFileReference; fileEncoding = 4; lastKnownFileType = sourcecode.c.h; path = "UIImage+BHBEffects.h"; sourceTree = "<group>"; };
		63B0AB37213D3E0800C09950 /* images.bundle */ = {isa = PBXFileReference; lastKnownFileType = "wrapper.plug-in"; path = images.bundle; sourceTree = "<group>"; };
		63B0AB38213D3E0800C09950 /* music.bundle */ = {isa = PBXFileReference; lastKnownFileType = "wrapper.plug-in"; path = music.bundle; sourceTree = "<group>"; };
		63B0AB39213D3E0800C09950 /* BHBSingleton.h */ = {isa = PBXFileReference; fileEncoding = 4; lastKnownFileType = sourcecode.c.h; path = BHBSingleton.h; sourceTree = "<group>"; };
		63B0AB3A213D3E0800C09950 /* BHBCustomBtn.m */ = {isa = PBXFileReference; fileEncoding = 4; lastKnownFileType = sourcecode.c.objc; path = BHBCustomBtn.m; sourceTree = "<group>"; };
		63B0AB48213D3E0C00C09950 /* UIView+Extension.m */ = {isa = PBXFileReference; fileEncoding = 4; lastKnownFileType = sourcecode.c.objc; path = "UIView+Extension.m"; sourceTree = "<group>"; };
		63B0AB49213D3E0D00C09950 /* UIView+Extension.h */ = {isa = PBXFileReference; fileEncoding = 4; lastKnownFileType = sourcecode.c.h; path = "UIView+Extension.h"; sourceTree = "<group>"; };
		63B0AB4C213D3E3300C09950 /* DLTabBarController.m */ = {isa = PBXFileReference; fileEncoding = 4; lastKnownFileType = sourcecode.c.objc; path = DLTabBarController.m; sourceTree = "<group>"; };
		63B0AB4D213D3E3300C09950 /* DLTabBar.m */ = {isa = PBXFileReference; fileEncoding = 4; lastKnownFileType = sourcecode.c.objc; path = DLTabBar.m; sourceTree = "<group>"; };
		63B0AB4E213D3E3300C09950 /* DLTabBarController.h */ = {isa = PBXFileReference; fileEncoding = 4; lastKnownFileType = sourcecode.c.h; path = DLTabBarController.h; sourceTree = "<group>"; };
		63B0AB4F213D3E3300C09950 /* DLTabBar.h */ = {isa = PBXFileReference; fileEncoding = 4; lastKnownFileType = sourcecode.c.h; path = DLTabBar.h; sourceTree = "<group>"; };
		63B0AB52213D3F2400C09950 /* ViewController.h */ = {isa = PBXFileReference; lastKnownFileType = sourcecode.c.h; path = ViewController.h; sourceTree = "<group>"; };
		63B0AB53213D3F2400C09950 /* ViewController.m */ = {isa = PBXFileReference; lastKnownFileType = sourcecode.c.objc; path = ViewController.m; sourceTree = "<group>"; };
		A4E57446900B417E14525449 /* Pods-DLWeiboProfileController.release.xcconfig */ = {isa = PBXFileReference; includeInIndex = 1; lastKnownFileType = text.xcconfig; name = "Pods-DLWeiboProfileController.release.xcconfig"; path = "Pods/Target Support Files/Pods-DLWeiboProfileController/Pods-DLWeiboProfileController.release.xcconfig"; sourceTree = "<group>"; };
		AAB80F7D1EA302D400CD17FD /* DLWallPaperView.h */ = {isa = PBXFileReference; fileEncoding = 4; lastKnownFileType = sourcecode.c.h; path = DLWallPaperView.h; sourceTree = "<group>"; };
		AAB80F7E1EA302D400CD17FD /* DLWallPaperView.m */ = {isa = PBXFileReference; fileEncoding = 4; lastKnownFileType = sourcecode.c.objc; path = DLWallPaperView.m; sourceTree = "<group>"; };
		AAB80F801EA303C000CD17FD /* DLWallPaperView.xib */ = {isa = PBXFileReference; fileEncoding = 4; lastKnownFileType = file.xib; path = DLWallPaperView.xib; sourceTree = "<group>"; };
		AAB80F821EA3219400CD17FD /* DLChooseWallPaperController.h */ = {isa = PBXFileReference; fileEncoding = 4; lastKnownFileType = sourcecode.c.h; path = DLChooseWallPaperController.h; sourceTree = "<group>"; };
		AAB80F831EA3219400CD17FD /* DLChooseWallPaperController.m */ = {isa = PBXFileReference; fileEncoding = 4; lastKnownFileType = sourcecode.c.objc; path = DLChooseWallPaperController.m; sourceTree = "<group>"; };
		AAC36D071E99C9D40058C627 /* DLWeiboProfileController.app */ = {isa = PBXFileReference; explicitFileType = wrapper.application; includeInIndex = 0; path = DLWeiboProfileController.app; sourceTree = BUILT_PRODUCTS_DIR; };
		AAC36D0B1E99C9D40058C627 /* main.m */ = {isa = PBXFileReference; lastKnownFileType = sourcecode.c.objc; path = main.m; sourceTree = "<group>"; };
		AAC36D161E99C9D40058C627 /* Assets.xcassets */ = {isa = PBXFileReference; lastKnownFileType = folder.assetcatalog; path = Assets.xcassets; sourceTree = "<group>"; };
		AAC36D191E99C9D40058C627 /* Base */ = {isa = PBXFileReference; lastKnownFileType = file.storyboard; name = Base; path = Base.lproj/LaunchScreen.storyboard; sourceTree = "<group>"; };
		AAC36D1B1E99C9D40058C627 /* Info.plist */ = {isa = PBXFileReference; lastKnownFileType = text.plist.xml; path = Info.plist; sourceTree = "<group>"; };
		AAC36D201E99C9D40058C627 /* DLWeiboProfileControllerTests.xctest */ = {isa = PBXFileReference; explicitFileType = wrapper.cfbundle; includeInIndex = 0; path = DLWeiboProfileControllerTests.xctest; sourceTree = BUILT_PRODUCTS_DIR; };
		AAC36D2B1E99C9D40058C627 /* DLWeiboProfileControllerUITests.xctest */ = {isa = PBXFileReference; explicitFileType = wrapper.cfbundle; includeInIndex = 0; path = DLWeiboProfileControllerUITests.xctest; sourceTree = BUILT_PRODUCTS_DIR; };
		AAC36D401E99CB070058C627 /* AppDelegate.h */ = {isa = PBXFileReference; fileEncoding = 4; lastKnownFileType = sourcecode.c.h; path = AppDelegate.h; sourceTree = "<group>"; };
		AAC36D411E99CB070058C627 /* AppDelegate.m */ = {isa = PBXFileReference; fileEncoding = 4; lastKnownFileType = sourcecode.c.objc; path = AppDelegate.m; sourceTree = "<group>"; };
		AAC36D421E99CB070058C627 /* ProfileViewController.h */ = {isa = PBXFileReference; fileEncoding = 4; lastKnownFileType = sourcecode.c.h; path = ProfileViewController.h; sourceTree = "<group>"; };
		AAC36D431E99CB070058C627 /* ProfileViewController.m */ = {isa = PBXFileReference; fileEncoding = 4; lastKnownFileType = sourcecode.c.objc; path = ProfileViewController.m; sourceTree = "<group>"; };
		AAC36D461E99CBE90058C627 /* ContentViewCell.h */ = {isa = PBXFileReference; fileEncoding = 4; lastKnownFileType = sourcecode.c.h; path = ContentViewCell.h; sourceTree = "<group>"; };
		AAC36D471E99CBE90058C627 /* ContentViewCell.m */ = {isa = PBXFileReference; fileEncoding = 4; lastKnownFileType = sourcecode.c.objc; path = ContentViewCell.m; sourceTree = "<group>"; };
		AAC36D481E99CBE90058C627 /* DLUserHeaderView.h */ = {isa = PBXFileReference; fileEncoding = 4; lastKnownFileType = sourcecode.c.h; path = DLUserHeaderView.h; sourceTree = "<group>"; };
		AAC36D491E99CBE90058C627 /* DLUserHeaderView.m */ = {isa = PBXFileReference; fileEncoding = 4; lastKnownFileType = sourcecode.c.objc; path = DLUserHeaderView.m; sourceTree = "<group>"; };
		AAC36D4A1E99CBE90058C627 /* DLUserHeaderView.xib */ = {isa = PBXFileReference; fileEncoding = 4; lastKnownFileType = file.xib; path = DLUserHeaderView.xib; sourceTree = "<group>"; };
		AAC36D4B1E99CBE90058C627 /* DLUserPageNavBar.h */ = {isa = PBXFileReference; fileEncoding = 4; lastKnownFileType = sourcecode.c.h; path = DLUserPageNavBar.h; sourceTree = "<group>"; };
		AAC36D4C1E99CBE90058C627 /* DLUserPageNavBar.m */ = {isa = PBXFileReference; fileEncoding = 4; lastKnownFileType = sourcecode.c.objc; path = DLUserPageNavBar.m; sourceTree = "<group>"; };
		AAC36D4D1E99CBE90058C627 /* DLUserPageNavBar.xib */ = {isa = PBXFileReference; fileEncoding = 4; lastKnownFileType = file.xib; path = DLUserPageNavBar.xib; sourceTree = "<group>"; };
		AAC36D531E99CC0F0058C627 /* BaseTableViewController.h */ = {isa = PBXFileReference; fileEncoding = 4; lastKnownFileType = sourcecode.c.h; path = BaseTableViewController.h; sourceTree = "<group>"; };
		AAC36D541E99CC0F0058C627 /* BaseTableViewController.m */ = {isa = PBXFileReference; fileEncoding = 4; lastKnownFileType = sourcecode.c.objc; path = BaseTableViewController.m; sourceTree = "<group>"; };
		AAC36D551E99CC0F0058C627 /* PersonalCenterController.h */ = {isa = PBXFileReference; fileEncoding = 4; lastKnownFileType = sourcecode.c.h; path = PersonalCenterController.h; sourceTree = "<group>"; };
		AAC36D561E99CC0F0058C627 /* PersonalCenterController.m */ = {isa = PBXFileReference; fileEncoding = 4; lastKnownFileType = sourcecode.c.objc; path = PersonalCenterController.m; sourceTree = "<group>"; };
		AAC36D571E99CC0F0058C627 /* PersonalCenterTableView.h */ = {isa = PBXFileReference; fileEncoding = 4; lastKnownFileType = sourcecode.c.h; path = PersonalCenterTableView.h; sourceTree = "<group>"; };
		AAC36D581E99CC0F0058C627 /* PersonalCenterTableView.m */ = {isa = PBXFileReference; fileEncoding = 4; lastKnownFileType = sourcecode.c.objc; path = PersonalCenterTableView.m; sourceTree = "<group>"; };
		AAC36D591E99CC0F0058C627 /* PersonalLeftViewController.h */ = {isa = PBXFileReference; fileEncoding = 4; lastKnownFileType = sourcecode.c.h; path = PersonalLeftViewController.h; sourceTree = "<group>"; };
		AAC36D5A1E99CC0F0058C627 /* PersonalLeftViewController.m */ = {isa = PBXFileReference; fileEncoding = 4; lastKnownFileType = sourcecode.c.objc; path = PersonalLeftViewController.m; sourceTree = "<group>"; };
		AAC36D5B1E99CC0F0058C627 /* PersonalMiddleViewController.h */ = {isa = PBXFileReference; fileEncoding = 4; lastKnownFileType = sourcecode.c.h; path = PersonalMiddleViewController.h; sourceTree = "<group>"; };
		AAC36D5C1E99CC0F0058C627 /* PersonalMiddleViewController.m */ = {isa = PBXFileReference; fileEncoding = 4; lastKnownFileType = sourcecode.c.objc; path = PersonalMiddleViewController.m; sourceTree = "<group>"; };
		AAC36D5D1E99CC0F0058C627 /* PersonalRightViewController.h */ = {isa = PBXFileReference; fileEncoding = 4; lastKnownFileType = sourcecode.c.h; path = PersonalRightViewController.h; sourceTree = "<group>"; };
		AAC36D5E1E99CC0F0058C627 /* PersonalRightViewController.m */ = {isa = PBXFileReference; fileEncoding = 4; lastKnownFileType = sourcecode.c.objc; path = PersonalRightViewController.m; sourceTree = "<group>"; };
		AAC36D691E99CCCA0058C627 /* HFStretchableTableHeaderView.h */ = {isa = PBXFileReference; fileEncoding = 4; lastKnownFileType = sourcecode.c.h; path = HFStretchableTableHeaderView.h; sourceTree = "<group>"; };
		AAC36D6A1E99CCCA0058C627 /* HFStretchableTableHeaderView.m */ = {isa = PBXFileReference; fileEncoding = 4; lastKnownFileType = sourcecode.c.objc; path = HFStretchableTableHeaderView.m; sourceTree = "<group>"; };
		E0D2A0D60E5DBC27B24420B3 /* Pods-DLWeiboProfileController.debug.xcconfig */ = {isa = PBXFileReference; includeInIndex = 1; lastKnownFileType = text.xcconfig; name = "Pods-DLWeiboProfileController.debug.xcconfig"; path = "Pods/Target Support Files/Pods-DLWeiboProfileController/Pods-DLWeiboProfileController.debug.xcconfig"; sourceTree = "<group>"; };
/* End PBXFileReference section */

/* Begin PBXFrameworksBuildPhase section */
		AAC36D041E99C9D40058C627 /* Frameworks */ = {
			isa = PBXFrameworksBuildPhase;
			buildActionMask = 2147483647;
			files = (
				D0614140E7D613D2CF111E6D /* libPods-DLWeiboProfileController.a in Frameworks */,
			);
			runOnlyForDeploymentPostprocessing = 0;
		};
		AAC36D1D1E99C9D40058C627 /* Frameworks */ = {
			isa = PBXFrameworksBuildPhase;
			buildActionMask = 2147483647;
			files = (
			);
			runOnlyForDeploymentPostprocessing = 0;
		};
		AAC36D281E99C9D40058C627 /* Frameworks */ = {
			isa = PBXFrameworksBuildPhase;
			buildActionMask = 2147483647;
			files = (
			);
			runOnlyForDeploymentPostprocessing = 0;
		};
/* End PBXFrameworksBuildPhase section */

/* Begin PBXGroup section */
		4D94CC19D8C23A9B9DD0DC5E /* Frameworks */ = {
			isa = PBXGroup;
			children = (
				1418E187A27745EF47E878B5 /* libPods-DLWeiboProfileController.a */,
			);
			name = Frameworks;
			sourceTree = "<group>";
		};
		63B0AB20213D3E0800C09950 /* BHBPopView */ = {
			isa = PBXGroup;
			children = (
				63B0AB21213D3E0800C09950 /* UIButton+BHBSetImage.h */,
				63B0AB22213D3E0800C09950 /* UIImageView+BHBSetImage.m */,
				63B0AB23213D3E0800C09950 /* BHBPlaySoundTool.h */,
				63B0AB24213D3E0800C09950 /* BHBGroup.h */,
				63B0AB25213D3E0800C09950 /* BHBPopView.h */,
				63B0AB26213D3E0800C09950 /* BHBItem.h */,
				63B0AB27213D3E0800C09950 /* UIImage+BHBEffects.m */,
				63B0AB28213D3E0800C09950 /* BHBBottomBar.m */,
				63B0AB29213D3E0800C09950 /* UIView+BHBAnimation.h */,
				63B0AB2A213D3E0800C09950 /* BHBCenterView.h */,
				63B0AB2B213D3E0800C09950 /* BHBCustomBtn.h */,
				63B0AB2C213D3E0800C09950 /* BHBPlaySoundTool.m */,
				63B0AB2D213D3E0800C09950 /* UIImageView+BHBSetImage.h */,
				63B0AB2E213D3E0800C09950 /* UIButton+BHBSetImage.m */,
				63B0AB2F213D3E0800C09950 /* BHBItem.m */,
				63B0AB30213D3E0800C09950 /* BHBPopView.m */,
				63B0AB31213D3E0800C09950 /* BHBGroup.m */,
				63B0AB32213D3E0800C09950 /* BHBCenterView.m */,
				63B0AB33213D3E0800C09950 /* BHBBottomBar.h */,
				63B0AB34213D3E0800C09950 /* UIView+BHBAnimation.m */,
				63B0AB35213D3E0800C09950 /* UIImage+BHBEffects.h */,
				63B0AB36213D3E0800C09950 /* Resource */,
				63B0AB39213D3E0800C09950 /* BHBSingleton.h */,
				63B0AB3A213D3E0800C09950 /* BHBCustomBtn.m */,
			);
			path = BHBPopView;
			sourceTree = "<group>";
		};
		63B0AB36213D3E0800C09950 /* Resource */ = {
			isa = PBXGroup;
			children = (
				63B0AB37213D3E0800C09950 /* images.bundle */,
				63B0AB38213D3E0800C09950 /* music.bundle */,
			);
			path = Resource;
			sourceTree = "<group>";
		};
		63B0AB4B213D3E3300C09950 /* DLTabBar */ = {
			isa = PBXGroup;
			children = (
				63B0AB4F213D3E3300C09950 /* DLTabBar.h */,
				63B0AB4D213D3E3300C09950 /* DLTabBar.m */,
				63B0AB4E213D3E3300C09950 /* DLTabBarController.h */,
				63B0AB4C213D3E3300C09950 /* DLTabBarController.m */,
			);
			path = DLTabBar;
			sourceTree = "<group>";
		};
		748A681D6E1F5BEE52A5F569 /* Pods */ = {
			isa = PBXGroup;
			children = (
				E0D2A0D60E5DBC27B24420B3 /* Pods-DLWeiboProfileController.debug.xcconfig */,
				A4E57446900B417E14525449 /* Pods-DLWeiboProfileController.release.xcconfig */,
			);
			name = Pods;
			sourceTree = "<group>";
		};
		AAC36CFE1E99C9D40058C627 = {
			isa = PBXGroup;
			children = (
				AAC36D091E99C9D40058C627 /* DLWeiboProfileController */,
				AAC36D081E99C9D40058C627 /* Products */,
				748A681D6E1F5BEE52A5F569 /* Pods */,
				4D94CC19D8C23A9B9DD0DC5E /* Frameworks */,
			);
			sourceTree = "<group>";
		};
		AAC36D081E99C9D40058C627 /* Products */ = {
			isa = PBXGroup;
			children = (
				AAC36D071E99C9D40058C627 /* DLWeiboProfileController.app */,
				AAC36D201E99C9D40058C627 /* DLWeiboProfileControllerTests.xctest */,
				AAC36D2B1E99C9D40058C627 /* DLWeiboProfileControllerUITests.xctest */,
			);
			name = Products;
			sourceTree = "<group>";
		};
		AAC36D091E99C9D40058C627 /* DLWeiboProfileController */ = {
			isa = PBXGroup;
			children = (
				AAC36D671E99CCC20058C627 /* Lib */,
				AAC36D3D1E99CB070058C627 /* Model */,
				AAC36D3E1E99CB070058C627 /* View */,
				AAC36D3F1E99CB070058C627 /* ViewController */,
				AAC36D161E99C9D40058C627 /* Assets.xcassets */,
				AAC36D181E99C9D40058C627 /* LaunchScreen.storyboard */,
				AAC36D1B1E99C9D40058C627 /* Info.plist */,
				AAC36D0A1E99C9D40058C627 /* Supporting Files */,
			);
			path = DLWeiboProfileController;
			sourceTree = "<group>";
		};
		AAC36D0A1E99C9D40058C627 /* Supporting Files */ = {
			isa = PBXGroup;
			children = (
				AAC36D0B1E99C9D40058C627 /* main.m */,
			);
			name = "Supporting Files";
			sourceTree = "<group>";
		};
		AAC36D3D1E99CB070058C627 /* Model */ = {
			isa = PBXGroup;
			children = (
			);
			path = Model;
			sourceTree = "<group>";
		};
		AAC36D3E1E99CB070058C627 /* View */ = {
			isa = PBXGroup;
			children = (
				AAC36D461E99CBE90058C627 /* ContentViewCell.h */,
				AAC36D471E99CBE90058C627 /* ContentViewCell.m */,
				AAC36D481E99CBE90058C627 /* DLUserHeaderView.h */,
				AAC36D491E99CBE90058C627 /* DLUserHeaderView.m */,
				AAC36D4A1E99CBE90058C627 /* DLUserHeaderView.xib */,
				AAC36D4B1E99CBE90058C627 /* DLUserPageNavBar.h */,
				AAC36D4C1E99CBE90058C627 /* DLUserPageNavBar.m */,
				AAC36D4D1E99CBE90058C627 /* DLUserPageNavBar.xib */,
				AAB80F7D1EA302D400CD17FD /* DLWallPaperView.h */,
				AAB80F7E1EA302D400CD17FD /* DLWallPaperView.m */,
				AAB80F801EA303C000CD17FD /* DLWallPaperView.xib */,
			);
			path = View;
			sourceTree = "<group>";
		};
		AAC36D3F1E99CB070058C627 /* ViewController */ = {
			isa = PBXGroup;
			children = (
				AAC36D531E99CC0F0058C627 /* BaseTableViewController.h */,
				AAC36D541E99CC0F0058C627 /* BaseTableViewController.m */,
				AAC36D551E99CC0F0058C627 /* PersonalCenterController.h */,
				AAC36D561E99CC0F0058C627 /* PersonalCenterController.m */,
				AAC36D571E99CC0F0058C627 /* PersonalCenterTableView.h */,
				AAC36D581E99CC0F0058C627 /* PersonalCenterTableView.m */,
				AAC36D591E99CC0F0058C627 /* PersonalLeftViewController.h */,
				AAC36D5A1E99CC0F0058C627 /* PersonalLeftViewController.m */,
				AAC36D5B1E99CC0F0058C627 /* PersonalMiddleViewController.h */,
				AAC36D5C1E99CC0F0058C627 /* PersonalMiddleViewController.m */,
				AAC36D5D1E99CC0F0058C627 /* PersonalRightViewController.h */,
				AAC36D5E1E99CC0F0058C627 /* PersonalRightViewController.m */,
				AAC36D401E99CB070058C627 /* AppDelegate.h */,
				AAC36D411E99CB070058C627 /* AppDelegate.m */,
				63B0AB52213D3F2400C09950 /* ViewController.h */,
				63B0AB53213D3F2400C09950 /* ViewController.m */,
				AAC36D421E99CB070058C627 /* ProfileViewController.h */,
				AAC36D431E99CB070058C627 /* ProfileViewController.m */,
				AAB80F821EA3219400CD17FD /* DLChooseWallPaperController.h */,
				AAB80F831EA3219400CD17FD /* DLChooseWallPaperController.m */,
			);
			path = ViewController;
			sourceTree = "<group>";
		};
		AAC36D671E99CCC20058C627 /* Lib */ = {
			isa = PBXGroup;
			children = (
				63B0AB4B213D3E3300C09950 /* DLTabBar */,
				63B0AB49213D3E0D00C09950 /* UIView+Extension.h */,
				63B0AB48213D3E0C00C09950 /* UIView+Extension.m */,
				63B0AB20213D3E0800C09950 /* BHBPopView */,
				AAC36D681E99CCCA0058C627 /* HFStretchableTableHeaderView */,
			);
			path = Lib;
			sourceTree = "<group>";
		};
		AAC36D681E99CCCA0058C627 /* HFStretchableTableHeaderView */ = {
			isa = PBXGroup;
			children = (
				AAC36D691E99CCCA0058C627 /* HFStretchableTableHeaderView.h */,
				AAC36D6A1E99CCCA0058C627 /* HFStretchableTableHeaderView.m */,
			);
			path = HFStretchableTableHeaderView;
			sourceTree = "<group>";
		};
/* End PBXGroup section */

/* Begin PBXNativeTarget section */
		AAC36D061E99C9D40058C627 /* DLWeiboProfileController */ = {
			isa = PBXNativeTarget;
			buildConfigurationList = AAC36D341E99C9D40058C627 /* Build configuration list for PBXNativeTarget "DLWeiboProfileController" */;
			buildPhases = (
				3F990F71E4765DE349F33A71 /* [CP] Check Pods Manifest.lock */,
				AAC36D031E99C9D40058C627 /* Sources */,
				AAC36D041E99C9D40058C627 /* Frameworks */,
				AAC36D051E99C9D40058C627 /* Resources */,
			);
			buildRules = (
			);
			dependencies = (
			);
			name = DLWeiboProfileController;
			productName = DLWeiboProfileController;
			productReference = AAC36D071E99C9D40058C627 /* DLWeiboProfileController.app */;
			productType = "com.apple.product-type.application";
		};
		AAC36D1F1E99C9D40058C627 /* DLWeiboProfileControllerTests */ = {
			isa = PBXNativeTarget;
			buildConfigurationList = AAC36D371E99C9D40058C627 /* Build configuration list for PBXNativeTarget "DLWeiboProfileControllerTests" */;
			buildPhases = (
				AAC36D1C1E99C9D40058C627 /* Sources */,
				AAC36D1D1E99C9D40058C627 /* Frameworks */,
				AAC36D1E1E99C9D40058C627 /* Resources */,
			);
			buildRules = (
			);
			dependencies = (
				AAC36D221E99C9D40058C627 /* PBXTargetDependency */,
			);
			name = DLWeiboProfileControllerTests;
			productName = DLWeiboProfileControllerTests;
			productReference = AAC36D201E99C9D40058C627 /* DLWeiboProfileControllerTests.xctest */;
			productType = "com.apple.product-type.bundle.unit-test";
		};
		AAC36D2A1E99C9D40058C627 /* DLWeiboProfileControllerUITests */ = {
			isa = PBXNativeTarget;
			buildConfigurationList = AAC36D3A1E99C9D40058C627 /* Build configuration list for PBXNativeTarget "DLWeiboProfileControllerUITests" */;
			buildPhases = (
				AAC36D271E99C9D40058C627 /* Sources */,
				AAC36D281E99C9D40058C627 /* Frameworks */,
				AAC36D291E99C9D40058C627 /* Resources */,
			);
			buildRules = (
			);
			dependencies = (
				AAC36D2D1E99C9D40058C627 /* PBXTargetDependency */,
			);
			name = DLWeiboProfileControllerUITests;
			productName = DLWeiboProfileControllerUITests;
			productReference = AAC36D2B1E99C9D40058C627 /* DLWeiboProfileControllerUITests.xctest */;
			productType = "com.apple.product-type.bundle.ui-testing";
		};
/* End PBXNativeTarget section */

/* Begin PBXProject section */
		AAC36CFF1E99C9D40058C627 /* Project object */ = {
			isa = PBXProject;
			attributes = {
				LastUpgradeCheck = 0940;
				ORGANIZATIONNAME = FT_David;
				TargetAttributes = {
					AAC36D061E99C9D40058C627 = {
						CreatedOnToolsVersion = 8.3;
						DevelopmentTeam = LN7UHJEGQE;
						ProvisioningStyle = Automatic;
					};
					AAC36D1F1E99C9D40058C627 = {
						CreatedOnToolsVersion = 8.3;
						DevelopmentTeam = LN7UHJEGQE;
						ProvisioningStyle = Automatic;
						TestTargetID = AAC36D061E99C9D40058C627;
					};
					AAC36D2A1E99C9D40058C627 = {
						CreatedOnToolsVersion = 8.3;
						DevelopmentTeam = LN7UHJEGQE;
						ProvisioningStyle = Automatic;
						TestTargetID = AAC36D061E99C9D40058C627;
					};
				};
			};
			buildConfigurationList = AAC36D021E99C9D40058C627 /* Build configuration list for PBXProject "DLWeiboProfileController" */;
			compatibilityVersion = "Xcode 3.2";
			developmentRegion = English;
			hasScannedForEncodings = 0;
			knownRegions = (
				en,
				Base,
			);
			mainGroup = AAC36CFE1E99C9D40058C627;
			productRefGroup = AAC36D081E99C9D40058C627 /* Products */;
			projectDirPath = "";
			projectRoot = "";
			targets = (
				AAC36D061E99C9D40058C627 /* DLWeiboProfileController */,
				AAC36D1F1E99C9D40058C627 /* DLWeiboProfileControllerTests */,
				AAC36D2A1E99C9D40058C627 /* DLWeiboProfileControllerUITests */,
			);
		};
/* End PBXProject section */

/* Begin PBXResourcesBuildPhase section */
		AAC36D051E99C9D40058C627 /* Resources */ = {
			isa = PBXResourcesBuildPhase;
			buildActionMask = 2147483647;
			files = (
				AAC36D501E99CBE90058C627 /* DLUserHeaderView.xib in Resources */,
				AAC36D1A1E99C9D40058C627 /* LaunchScreen.storyboard in Resources */,
				AAB80F811EA303C000CD17FD /* DLWallPaperView.xib in Resources */,
				63B0AB45213D3E0800C09950 /* images.bundle in Resources */,
				63B0AB46213D3E0800C09950 /* music.bundle in Resources */,
				AAC36D521E99CBE90058C627 /* DLUserPageNavBar.xib in Resources */,
				AAC36D171E99C9D40058C627 /* Assets.xcassets in Resources */,
			);
			runOnlyForDeploymentPostprocessing = 0;
		};
		AAC36D1E1E99C9D40058C627 /* Resources */ = {
			isa = PBXResourcesBuildPhase;
			buildActionMask = 2147483647;
			files = (
			);
			runOnlyForDeploymentPostprocessing = 0;
		};
		AAC36D291E99C9D40058C627 /* Resources */ = {
			isa = PBXResourcesBuildPhase;
			buildActionMask = 2147483647;
			files = (
			);
			runOnlyForDeploymentPostprocessing = 0;
		};
/* End PBXResourcesBuildPhase section */

/* Begin PBXShellScriptBuildPhase section */
		3F990F71E4765DE349F33A71 /* [CP] Check Pods Manifest.lock */ = {
			isa = PBXShellScriptBuildPhase;
			buildActionMask = 2147483647;
			files = (
			);
			inputPaths = (
				"${PODS_PODFILE_DIR_PATH}/Podfile.lock",
				"${PODS_ROOT}/Manifest.lock",
			);
			name = "[CP] Check Pods Manifest.lock";
			outputPaths = (
				"$(DERIVED_FILE_DIR)/Pods-DLWeiboProfileController-checkManifestLockResult.txt",
			);
			runOnlyForDeploymentPostprocessing = 0;
			shellPath = /bin/sh;
			shellScript = "diff \"${PODS_PODFILE_DIR_PATH}/Podfile.lock\" \"${PODS_ROOT}/Manifest.lock\" > /dev/null\nif [ $? != 0 ] ; then\n    # print error to STDERR\n    echo \"error: The sandbox is not in sync with the Podfile.lock. Run 'pod install' or update your CocoaPods installation.\" >&2\n    exit 1\nfi\n# This output is used by Xcode 'outputs' to avoid re-running this script phase.\necho \"SUCCESS\" > \"${SCRIPT_OUTPUT_FILE_0}\"\n";
			showEnvVarsInLog = 0;
		};
/* End PBXShellScriptBuildPhase section */

/* Begin PBXSourcesBuildPhase section */
		AAC36D031E99C9D40058C627 /* Sources */ = {
			isa = PBXSourcesBuildPhase;
			buildActionMask = 2147483647;
			files = (
				AAC36D441E99CB070058C627 /* AppDelegate.m in Sources */,
				AAC36D641E99CC0F0058C627 /* PersonalRightViewController.m in Sources */,
				63B0AB42213D3E0800C09950 /* BHBGroup.m in Sources */,
				AAC36D0C1E99C9D40058C627 /* main.m in Sources */,
				AAB80F841EA3219400CD17FD /* DLChooseWallPaperController.m in Sources */,
				63B0AB3E213D3E0800C09950 /* BHBPlaySoundTool.m in Sources */,
				63B0AB41213D3E0800C09950 /* BHBPopView.m in Sources */,
				AAB80F7F1EA302D400CD17FD /* DLWallPaperView.m in Sources */,
				AAC36D4E1E99CBE90058C627 /* ContentViewCell.m in Sources */,
				63B0AB3B213D3E0800C09950 /* UIImageView+BHBSetImage.m in Sources */,
				63B0AB44213D3E0800C09950 /* UIView+BHBAnimation.m in Sources */,
				63B0AB51213D3E3300C09950 /* DLTabBar.m in Sources */,
				63B0AB43213D3E0800C09950 /* BHBCenterView.m in Sources */,
				AAC36D611E99CC0F0058C627 /* PersonalCenterTableView.m in Sources */,
				AAC36D631E99CC0F0058C627 /* PersonalMiddleViewController.m in Sources */,
				63B0AB47213D3E0800C09950 /* BHBCustomBtn.m in Sources */,
				AAC36D5F1E99CC0F0058C627 /* BaseTableViewController.m in Sources */,
				63B0AB3C213D3E0800C09950 /* UIImage+BHBEffects.m in Sources */,
				AAC36D621E99CC0F0058C627 /* PersonalLeftViewController.m in Sources */,
				63B0AB4A213D3E0D00C09950 /* UIView+Extension.m in Sources */,
				63B0AB3F213D3E0800C09950 /* UIButton+BHBSetImage.m in Sources */,
				63B0AB40213D3E0800C09950 /* BHBItem.m in Sources */,
				AAC36D451E99CB070058C627 /* ProfileViewController.m in Sources */,
				AAC36D6B1E99CCCA0058C627 /* HFStretchableTableHeaderView.m in Sources */,
				63B0AB54213D3F2400C09950 /* ViewController.m in Sources */,
				AAC36D4F1E99CBE90058C627 /* DLUserHeaderView.m in Sources */,
				AAC36D601E99CC0F0058C627 /* PersonalCenterController.m in Sources */,
				AAC36D511E99CBE90058C627 /* DLUserPageNavBar.m in Sources */,
				63B0AB3D213D3E0800C09950 /* BHBBottomBar.m in Sources */,
				63B0AB50213D3E3300C09950 /* DLTabBarController.m in Sources */,
			);
			runOnlyForDeploymentPostprocessing = 0;
		};
		AAC36D1C1E99C9D40058C627 /* Sources */ = {
			isa = PBXSourcesBuildPhase;
			buildActionMask = 2147483647;
			files = (
			);
			runOnlyForDeploymentPostprocessing = 0;
		};
		AAC36D271E99C9D40058C627 /* Sources */ = {
			isa = PBXSourcesBuildPhase;
			buildActionMask = 2147483647;
			files = (
			);
			runOnlyForDeploymentPostprocessing = 0;
		};
/* End PBXSourcesBuildPhase section */

/* Begin PBXTargetDependency section */
		AAC36D221E99C9D40058C627 /* PBXTargetDependency */ = {
			isa = PBXTargetDependency;
			target = AAC36D061E99C9D40058C627 /* DLWeiboProfileController */;
			targetProxy = AAC36D211E99C9D40058C627 /* PBXContainerItemProxy */;
		};
		AAC36D2D1E99C9D40058C627 /* PBXTargetDependency */ = {
			isa = PBXTargetDependency;
			target = AAC36D061E99C9D40058C627 /* DLWeiboProfileController */;
			targetProxy = AAC36D2C1E99C9D40058C627 /* PBXContainerItemProxy */;
		};
/* End PBXTargetDependency section */

/* Begin PBXVariantGroup section */
		AAC36D181E99C9D40058C627 /* LaunchScreen.storyboard */ = {
			isa = PBXVariantGroup;
			children = (
				AAC36D191E99C9D40058C627 /* Base */,
			);
			name = LaunchScreen.storyboard;
			sourceTree = "<group>";
		};
/* End PBXVariantGroup section */

/* Begin XCBuildConfiguration section */
		AAC36D321E99C9D40058C627 /* Debug */ = {
			isa = XCBuildConfiguration;
			buildSettings = {
				ALWAYS_SEARCH_USER_PATHS = NO;
				CLANG_ANALYZER_NONNULL = YES;
				CLANG_ANALYZER_NUMBER_OBJECT_CONVERSION = YES_AGGRESSIVE;
				CLANG_CXX_LANGUAGE_STANDARD = "gnu++0x";
				CLANG_CXX_LIBRARY = "libc++";
				CLANG_ENABLE_MODULES = YES;
				CLANG_ENABLE_OBJC_ARC = YES;
				CLANG_WARN_BLOCK_CAPTURE_AUTORELEASING = YES;
				CLANG_WARN_BOOL_CONVERSION = YES;
				CLANG_WARN_COMMA = YES;
				CLANG_WARN_CONSTANT_CONVERSION = YES;
				CLANG_WARN_DEPRECATED_OBJC_IMPLEMENTATIONS = YES;
				CLANG_WARN_DIRECT_OBJC_ISA_USAGE = YES_ERROR;
				CLANG_WARN_DOCUMENTATION_COMMENTS = YES;
				CLANG_WARN_EMPTY_BODY = YES;
				CLANG_WARN_ENUM_CONVERSION = YES;
				CLANG_WARN_INFINITE_RECURSION = YES;
				CLANG_WARN_INT_CONVERSION = YES;
				CLANG_WARN_NON_LITERAL_NULL_CONVERSION = YES;
				CLANG_WARN_OBJC_IMPLICIT_RETAIN_SELF = YES;
				CLANG_WARN_OBJC_LITERAL_CONVERSION = YES;
				CLANG_WARN_OBJC_ROOT_CLASS = YES_ERROR;
				CLANG_WARN_RANGE_LOOP_ANALYSIS = YES;
				CLANG_WARN_STRICT_PROTOTYPES = YES;
				CLANG_WARN_SUSPICIOUS_MOVE = YES;
				CLANG_WARN_UNREACHABLE_CODE = YES;
				CLANG_WARN__DUPLICATE_METHOD_MATCH = YES;
				"CODE_SIGN_IDENTITY[sdk=iphoneos*]" = "iPhone Developer";
				COPY_PHASE_STRIP = NO;
				DEBUG_INFORMATION_FORMAT = dwarf;
				ENABLE_STRICT_OBJC_MSGSEND = YES;
				ENABLE_TESTABILITY = YES;
				GCC_C_LANGUAGE_STANDARD = gnu99;
				GCC_DYNAMIC_NO_PIC = NO;
				GCC_NO_COMMON_BLOCKS = YES;
				GCC_OPTIMIZATION_LEVEL = 0;
				GCC_PREPROCESSOR_DEFINITIONS = (
					"DEBUG=1",
					"$(inherited)",
				);
				GCC_WARN_64_TO_32_BIT_CONVERSION = YES;
				GCC_WARN_ABOUT_RETURN_TYPE = YES_ERROR;
				GCC_WARN_UNDECLARED_SELECTOR = YES;
				GCC_WARN_UNINITIALIZED_AUTOS = YES_AGGRESSIVE;
				GCC_WARN_UNUSED_FUNCTION = YES;
				GCC_WARN_UNUSED_VARIABLE = YES;
				IPHONEOS_DEPLOYMENT_TARGET = 10.3;
				MTL_ENABLE_DEBUG_INFO = YES;
				ONLY_ACTIVE_ARCH = YES;
				SDKROOT = iphoneos;
			};
			name = Debug;
		};
		AAC36D331E99C9D40058C627 /* Release */ = {
			isa = XCBuildConfiguration;
			buildSettings = {
				ALWAYS_SEARCH_USER_PATHS = NO;
				CLANG_ANALYZER_NONNULL = YES;
				CLANG_ANALYZER_NUMBER_OBJECT_CONVERSION = YES_AGGRESSIVE;
				CLANG_CXX_LANGUAGE_STANDARD = "gnu++0x";
				CLANG_CXX_LIBRARY = "libc++";
				CLANG_ENABLE_MODULES = YES;
				CLANG_ENABLE_OBJC_ARC = YES;
				CLANG_WARN_BLOCK_CAPTURE_AUTORELEASING = YES;
				CLANG_WARN_BOOL_CONVERSION = YES;
				CLANG_WARN_COMMA = YES;
				CLANG_WARN_CONSTANT_CONVERSION = YES;
				CLANG_WARN_DEPRECATED_OBJC_IMPLEMENTATIONS = YES;
				CLANG_WARN_DIRECT_OBJC_ISA_USAGE = YES_ERROR;
				CLANG_WARN_DOCUMENTATION_COMMENTS = YES;
				CLANG_WARN_EMPTY_BODY = YES;
				CLANG_WARN_ENUM_CONVERSION = YES;
				CLANG_WARN_INFINITE_RECURSION = YES;
				CLANG_WARN_INT_CONVERSION = YES;
				CLANG_WARN_NON_LITERAL_NULL_CONVERSION = YES;
				CLANG_WARN_OBJC_IMPLICIT_RETAIN_SELF = YES;
				CLANG_WARN_OBJC_LITERAL_CONVERSION = YES;
				CLANG_WARN_OBJC_ROOT_CLASS = YES_ERROR;
				CLANG_WARN_RANGE_LOOP_ANALYSIS = YES;
				CLANG_WARN_STRICT_PROTOTYPES = YES;
				CLANG_WARN_SUSPICIOUS_MOVE = YES;
				CLANG_WARN_UNREACHABLE_CODE = YES;
				CLANG_WARN__DUPLICATE_METHOD_MATCH = YES;
				"CODE_SIGN_IDENTITY[sdk=iphoneos*]" = "iPhone Developer";
				COPY_PHASE_STRIP = NO;
				DEBUG_INFORMATION_FORMAT = "dwarf-with-dsym";
				ENABLE_NS_ASSERTIONS = NO;
				ENABLE_STRICT_OBJC_MSGSEND = YES;
				GCC_C_LANGUAGE_STANDARD = gnu99;
				GCC_NO_COMMON_BLOCKS = YES;
				GCC_WARN_64_TO_32_BIT_CONVERSION = YES;
				GCC_WARN_ABOUT_RETURN_TYPE = YES_ERROR;
				GCC_WARN_UNDECLARED_SELECTOR = YES;
				GCC_WARN_UNINITIALIZED_AUTOS = YES_AGGRESSIVE;
				GCC_WARN_UNUSED_FUNCTION = YES;
				GCC_WARN_UNUSED_VARIABLE = YES;
				IPHONEOS_DEPLOYMENT_TARGET = 10.3;
				MTL_ENABLE_DEBUG_INFO = NO;
				SDKROOT = iphoneos;
				VALIDATE_PRODUCT = YES;
			};
			name = Release;
		};
		AAC36D351E99C9D40058C627 /* Debug */ = {
			isa = XCBuildConfiguration;
			baseConfigurationReference = E0D2A0D60E5DBC27B24420B3 /* Pods-DLWeiboProfileController.debug.xcconfig */;
			buildSettings = {
				ASSETCATALOG_COMPILER_APPICON_NAME = AppIcon;
				DEVELOPMENT_TEAM = LN7UHJEGQE;
				INFOPLIST_FILE = DLWeiboProfileController/Info.plist;
				IPHONEOS_DEPLOYMENT_TARGET = 9.0;
				LD_RUNPATH_SEARCH_PATHS = "$(inherited) @executable_path/Frameworks";
				PRODUCT_BUNDLE_IDENTIFIER = davidlee.WeiboProfileController;
				PRODUCT_NAME = "$(TARGET_NAME)";
			};
			name = Debug;
		};
		AAC36D361E99C9D40058C627 /* Release */ = {
			isa = XCBuildConfiguration;
			baseConfigurationReference = A4E57446900B417E14525449 /* Pods-DLWeiboProfileController.release.xcconfig */;
			buildSettings = {
				ASSETCATALOG_COMPILER_APPICON_NAME = AppIcon;
				DEVELOPMENT_TEAM = LN7UHJEGQE;
				INFOPLIST_FILE = DLWeiboProfileController/Info.plist;
				IPHONEOS_DEPLOYMENT_TARGET = 9.0;
				LD_RUNPATH_SEARCH_PATHS = "$(inherited) @executable_path/Frameworks";
				PRODUCT_BUNDLE_IDENTIFIER = davidlee.WeiboProfileController;
				PRODUCT_NAME = "$(TARGET_NAME)";
			};
			name = Release;
		};
		AAC36D381E99C9D40058C627 /* Debug */ = {
			isa = XCBuildConfiguration;
			buildSettings = {
				BUNDLE_LOADER = "$(TEST_HOST)";
				DEVELOPMENT_TEAM = LN7UHJEGQE;
				INFOPLIST_FILE = DLWeiboProfileControllerTests/Info.plist;
				LD_RUNPATH_SEARCH_PATHS = "$(inherited) @executable_path/Frameworks @loader_path/Frameworks";
				PRODUCT_BUNDLE_IDENTIFIER = davidlee.DLWeiboProfileControllerTests;
				PRODUCT_NAME = "$(TARGET_NAME)";
				TEST_HOST = "$(BUILT_PRODUCTS_DIR)/DLWeiboProfileController.app/DLWeiboProfileController";
			};
			name = Debug;
		};
		AAC36D391E99C9D40058C627 /* Release */ = {
			isa = XCBuildConfiguration;
			buildSettings = {
				BUNDLE_LOADER = "$(TEST_HOST)";
				DEVELOPMENT_TEAM = LN7UHJEGQE;
				INFOPLIST_FILE = DLWeiboProfileControllerTests/Info.plist;
				LD_RUNPATH_SEARCH_PATHS = "$(inherited) @executable_path/Frameworks @loader_path/Frameworks";
				PRODUCT_BUNDLE_IDENTIFIER = davidlee.DLWeiboProfileControllerTests;
				PRODUCT_NAME = "$(TARGET_NAME)";
				TEST_HOST = "$(BUILT_PRODUCTS_DIR)/DLWeiboProfileController.app/DLWeiboProfileController";
			};
			name = Release;
		};
		AAC36D3B1E99C9D40058C627 /* Debug */ = {
			isa = XCBuildConfiguration;
			buildSettings = {
				DEVELOPMENT_TEAM = LN7UHJEGQE;
				INFOPLIST_FILE = DLWeiboProfileControllerUITests/Info.plist;
				LD_RUNPATH_SEARCH_PATHS = "$(inherited) @executable_path/Frameworks @loader_path/Frameworks";
				PRODUCT_BUNDLE_IDENTIFIER = davidlee.DLWeiboProfileControllerUITests;
				PRODUCT_NAME = "$(TARGET_NAME)";
				TEST_TARGET_NAME = DLWeiboProfileController;
			};
			name = Debug;
		};
		AAC36D3C1E99C9D40058C627 /* Release */ = {
			isa = XCBuildConfiguration;
			buildSettings = {
				DEVELOPMENT_TEAM = LN7UHJEGQE;
				INFOPLIST_FILE = DLWeiboProfileControllerUITests/Info.plist;
				LD_RUNPATH_SEARCH_PATHS = "$(inherited) @executable_path/Frameworks @loader_path/Frameworks";
				PRODUCT_BUNDLE_IDENTIFIER = davidlee.DLWeiboProfileControllerUITests;
				PRODUCT_NAME = "$(TARGET_NAME)";
				TEST_TARGET_NAME = DLWeiboProfileController;
			};
			name = Release;
		};
/* End XCBuildConfiguration section */

/* Begin XCConfigurationList section */
		AAC36D021E99C9D40058C627 /* Build configuration list for PBXProject "DLWeiboProfileController" */ = {
			isa = XCConfigurationList;
			buildConfigurations = (
				AAC36D321E99C9D40058C627 /* Debug */,
				AAC36D331E99C9D40058C627 /* Release */,
			);
			defaultConfigurationIsVisible = 0;
			defaultConfigurationName = Release;
		};
		AAC36D341E99C9D40058C627 /* Build configuration list for PBXNativeTarget "DLWeiboProfileController" */ = {
			isa = XCConfigurationList;
			buildConfigurations = (
				AAC36D351E99C9D40058C627 /* Debug */,
				AAC36D361E99C9D40058C627 /* Release */,
			);
			defaultConfigurationIsVisible = 0;
			defaultConfigurationName = Release;
		};
		AAC36D371E99C9D40058C627 /* Build configuration list for PBXNativeTarget "DLWeiboProfileControllerTests" */ = {
			isa = XCConfigurationList;
			buildConfigurations = (
				AAC36D381E99C9D40058C627 /* Debug */,
				AAC36D391E99C9D40058C627 /* Release */,
			);
			defaultConfigurationIsVisible = 0;
			defaultConfigurationName = Release;
		};
		AAC36D3A1E99C9D40058C627 /* Build configuration list for PBXNativeTarget "DLWeiboProfileControllerUITests" */ = {
			isa = XCConfigurationList;
			buildConfigurations = (
				AAC36D3B1E99C9D40058C627 /* Debug */,
				AAC36D3C1E99C9D40058C627 /* Release */,
			);
			defaultConfigurationIsVisible = 0;
			defaultConfigurationName = Release;
		};
/* End XCConfigurationList section */
	};
	rootObject = AAC36CFF1E99C9D40058C627 /* Project object */;
}
